schema: '2.0'
stages:
  data_ingestion:
    cmd: python src/data/make_dataset.py
    deps:
    - path: src/data/make_dataset.py
      hash: md5
      md5: d72363067b3665271d2ca4f95138dab5
      size: 2407
    outs:
    - path: data/raw
      hash: md5
      md5: 895aaf60e5a9beb98d480ee367bbdedb.dir
      size: 9314206
      nfiles: 1
  build_feature:
    cmd: python src/features/build_features.py
    deps:
    - path: data/raw
      hash: md5
      md5: 895aaf60e5a9beb98d480ee367bbdedb.dir
      size: 9314206
      nfiles: 1
    - path: params.yaml
      hash: md5
      md5: 9b88aa1c32a4961968fa119ba3dcd5b5
      size: 370
    - path: src/features/build_features.py
      hash: md5
      md5: 77666c033b50b3d72cc5132ab19a2f52
      size: 7392
    outs:
    - path: data/processed
      hash: md5
      md5: 29f0dd5b13daf0fb712cc8afd1ba16dc.dir
      size: 158899282
      nfiles: 4
