schema: '2.0'
stages:
  data_ingestion:
    cmd: python src/data/make_dataset.py
    deps:
    - path: params.yaml
      hash: md5
      md5: 2b2f368f58a7e02ea393954aab931516
      size: 791
    - path: src/data/make_dataset.py
      hash: md5
      md5: 4fda222000ae0c1e5df8caa7ccfb084e
      size: 3783
    outs:
    - path: data/raw
      hash: md5
      md5: d00ec91d6bd4fbe1c358daf4326ff8fb.dir
      size: 9314336
      nfiles: 2
  build_feature:
    cmd: python src/features/build_features.py
    deps:
    - path: data/raw
      hash: md5
      md5: d00ec91d6bd4fbe1c358daf4326ff8fb.dir
      size: 9314336
      nfiles: 2
    - path: src/features/build_features.py
      hash: md5
      md5: ae315e0b7784e20402bac497282f0bcb
      size: 7280
    outs:
    - path: data/processed
      hash: md5
      md5: e75d6e45249b92ec45d99e03db7255b9.dir
      size: 18298981
      nfiles: 4
    - path: models/le_pkl.pkl
      hash: md5
      md5: bca374bf5b44ac8310c83baf755db019
      size: 268
    - path: models/oe.pkl
      hash: md5
      md5: df5b67732881dc4961eb038024222115
      size: 6393
    - path: models/trf.pkl
      hash: md5
      md5: 16fe0fdb24f09afe29c8beb08aecdcca
      size: 983
  model:
    cmd: python src/models/train_model.py
    deps:
    - path: data/processed
      hash: md5
      md5: e75d6e45249b92ec45d99e03db7255b9.dir
      size: 18298981
      nfiles: 4
    - path: params.yaml
      hash: md5
      md5: 2b2f368f58a7e02ea393954aab931516
      size: 791
    - path: src/models/train_model.py
      hash: md5
      md5: cd3bbbf2301efd11a026f150c4f803f7
      size: 8033
    outs:
    - path: models/model.pkl
      hash: md5
      md5: 43cb9629d7adf952d1b1faa8ec1f2ae6
      size: 50234989
    - path: reports/metrics.json
      hash: md5
      md5: e95df5749b6d864f9695b3e415ec4b00
      size: 137
  model_registry:
    cmd: python src/models/model_registry.py
    deps:
    - path: models/model.pkl
      hash: md5
      md5: 43cb9629d7adf952d1b1faa8ec1f2ae6
      size: 50234989
    - path: reports/experiment.json
      hash: md5
      md5: 81bb352d8f3f4044ed63f08cdaa92aae
      size: 105
    - path: src/models/model_registry.py
      hash: md5
      md5: 39afbf8c919cef2a72806bbeb29042d4
      size: 1574
